
Microsoft Visual Studio Solution File, Format Version 12.00
# Visual Studio 14
VisualStudioVersion = 14.0.24720.0
MinimumVisualStudioVersion = 10.0.40219.1
Project("{FAE04EC0-301F-11D3-BF4B-00C04F79EFBC}") = "GAAClubFront", "GAAClubFront\GAAClubFront.csproj", "{F0CE9CF6-8641-4450-8BD6-0AF831BEA166}"
EndProject
Project("{FAE04EC0-301F-11D3-BF4B-00C04F79EFBC}") = "GAAClubFront.Test", "GAAClubFront.Test\GAAClubFront.Test.csproj", "{A1C7982B-BCA1-4F20-86D4-DDCB88087CFD}"
EndProject
Global
	GlobalSection(SolutionConfigurationPlatforms) = preSolution
		Debug|Any CPU = Debug|Any CPU
		Release|Any CPU = Release|Any CPU
	EndGlobalSection
	GlobalSection(ProjectConfigurationPlatforms) = postSolution
		{F0CE9CF6-8641-4450-8BD6-0AF831BEA166}.Debug|Any CPU.ActiveCfg = Debug|Any CPU
		{F0CE9CF6-8641-4450-8BD6-0AF831BEA166}.Debug|Any CPU.Build.0 = Debug|Any CPU
		{F0CE9CF6-8641-4450-8BD6-0AF831BEA166}.Release|Any CPU.ActiveCfg = Release|Any CPU
		{F0CE9CF6-8641-4450-8BD6-0AF831BEA166}.Release|Any CPU.Build.0 = Release|Any CPU
		{A1C7982B-BCA1-4F20-86D4-DDCB88087CFD}.Debug|Any CPU.ActiveCfg = Debug|Any CPU
		{A1C7982B-BCA1-4F20-86D4-DDCB88087CFD}.Debug|Any CPU.Build.0 = Debug|Any CPU
		{A1C7982B-BCA1-4F20-86D4-DDCB88087CFD}.Release|Any CPU.ActiveCfg = Release|Any CPU
		{A1C7982B-BCA1-4F20-86D4-DDCB88087CFD}.Release|Any CPU.Build.0 = Release|Any CPU
	EndGlobalSection
	GlobalSection(SolutionProperties) = preSolution
		HideSolutionNode = FALSE
	EndGlobalSection
EndGlobal
